
Microsoft Visual Studio Solution File, Format Version 12.00
# Visual Studio Version 17
VisualStudioVersion = 17.0.31903.59
MinimumVisualStudioVersion = 10.0.40219.1
Project("{9A19103F-16F7-4668-BE54-9A1E7A4F7556}") = "Algos.Tests", "Algos.Test\Algos.Tests.csproj", "{AA55AF8D-5EF4-4D6C-91DF-C62853E1142C}"
EndProject
Project("{9A19103F-16F7-4668-BE54-9A1E7A4F7556}") = "Algos", "Algos.App\Algos.csproj", "{69938C05-05A9-48FE-8EEC-57B580A3394F}"
EndProject
Project("{9A19103F-16F7-4668-BE54-9A1E7A4F7556}") = "Algos.Measure", "Algos.Measure\Algos.Measure.csproj", "{C548FF19-FBE1-47D1-B345-F00E6ED479DE}"
EndProject
Project("{FAE04EC0-301F-11D3-BF4B-00C04F79EFBC}") = "Algos.Data", "Algos.Data\Algos.Data.csproj", "{56EF4833-5FF0-4388-A6B3-1F60496EF617}"
EndProject
Global
	GlobalSection(SolutionConfigurationPlatforms) = preSolution
		Debug|Any CPU = Debug|Any CPU
		Release|Any CPU = Release|Any CPU
	EndGlobalSection
	GlobalSection(ProjectConfigurationPlatforms) = postSolution
		{AA55AF8D-5EF4-4D6C-91DF-C62853E1142C}.Debug|Any CPU.ActiveCfg = Debug|Any CPU
		{AA55AF8D-5EF4-4D6C-91DF-C62853E1142C}.Debug|Any CPU.Build.0 = Debug|Any CPU
		{AA55AF8D-5EF4-4D6C-91DF-C62853E1142C}.Release|Any CPU.ActiveCfg = Release|Any CPU
		{AA55AF8D-5EF4-4D6C-91DF-C62853E1142C}.Release|Any CPU.Build.0 = Release|Any CPU
		{69938C05-05A9-48FE-8EEC-57B580A3394F}.Debug|Any CPU.ActiveCfg = Debug|Any CPU
		{69938C05-05A9-48FE-8EEC-57B580A3394F}.Debug|Any CPU.Build.0 = Debug|Any CPU
		{69938C05-05A9-48FE-8EEC-57B580A3394F}.Release|Any CPU.ActiveCfg = Release|Any CPU
		{69938C05-05A9-48FE-8EEC-57B580A3394F}.Release|Any CPU.Build.0 = Release|Any CPU
		{C548FF19-FBE1-47D1-B345-F00E6ED479DE}.Debug|Any CPU.ActiveCfg = Debug|Any CPU
		{C548FF19-FBE1-47D1-B345-F00E6ED479DE}.Debug|Any CPU.Build.0 = Debug|Any CPU
		{C548FF19-FBE1-47D1-B345-F00E6ED479DE}.Release|Any CPU.ActiveCfg = Release|Any CPU
		{C548FF19-FBE1-47D1-B345-F00E6ED479DE}.Release|Any CPU.Build.0 = Release|Any CPU
		{56EF4833-5FF0-4388-A6B3-1F60496EF617}.Debug|Any CPU.ActiveCfg = Debug|Any CPU
		{56EF4833-5FF0-4388-A6B3-1F60496EF617}.Debug|Any CPU.Build.0 = Debug|Any CPU
		{56EF4833-5FF0-4388-A6B3-1F60496EF617}.Release|Any CPU.ActiveCfg = Release|Any CPU
		{56EF4833-5FF0-4388-A6B3-1F60496EF617}.Release|Any CPU.Build.0 = Release|Any CPU
	EndGlobalSection
	GlobalSection(SolutionProperties) = preSolution
		HideSolutionNode = FALSE
	EndGlobalSection
	GlobalSection(ExtensibilityGlobals) = postSolution
		SolutionGuid = {530FD64D-F53B-4FE8-8894-7D125E16814E}
	EndGlobalSection
EndGlobal
