
Microsoft Visual Studio Solution File, Format Version 12.00
# Visual Studio Version 17
VisualStudioVersion = 17.0.31903.59
MinimumVisualStudioVersion = 10.0.40219.1
Project("{9A19103F-16F7-4668-BE54-9A1E7A4F7556}") = "Algos", "ConsoleApp1\Algos.csproj", "{BE55D12F-C008-4871-981E-44B5E1426820}"
EndProject
Project("{FAE04EC0-301F-11D3-BF4B-00C04F79EFBC}") = "Algos.Tests", "Algos.Test\Algos.Tests.csproj", "{AA55AF8D-5EF4-4D6C-91DF-C62853E1142C}"
EndProject
Global
	GlobalSection(SolutionConfigurationPlatforms) = preSolution
		Debug|Any CPU = Debug|Any CPU
		Release|Any CPU = Release|Any CPU
	EndGlobalSection
	GlobalSection(ProjectConfigurationPlatforms) = postSolution
		{BE55D12F-C008-4871-981E-44B5E1426820}.Debug|Any CPU.ActiveCfg = Debug|Any CPU
		{BE55D12F-C008-4871-981E-44B5E1426820}.Debug|Any CPU.Build.0 = Debug|Any CPU
		{BE55D12F-C008-4871-981E-44B5E1426820}.Release|Any CPU.ActiveCfg = Release|Any CPU
		{BE55D12F-C008-4871-981E-44B5E1426820}.Release|Any CPU.Build.0 = Release|Any CPU
		{AA55AF8D-5EF4-4D6C-91DF-C62853E1142C}.Debug|Any CPU.ActiveCfg = Debug|Any CPU
		{AA55AF8D-5EF4-4D6C-91DF-C62853E1142C}.Debug|Any CPU.Build.0 = Debug|Any CPU
		{AA55AF8D-5EF4-4D6C-91DF-C62853E1142C}.Release|Any CPU.ActiveCfg = Release|Any CPU
		{AA55AF8D-5EF4-4D6C-91DF-C62853E1142C}.Release|Any CPU.Build.0 = Release|Any CPU
	EndGlobalSection
	GlobalSection(SolutionProperties) = preSolution
		HideSolutionNode = FALSE
	EndGlobalSection
EndGlobal
